// !$*UTF8*$!
{
	archiveVersion = 1;
	classes = {
	};
	objectVersion = 56;
	objects = {

/* Begin PBXBuildFile section */
		CF0172552A732ABB000359EE /* Profile.swift in Sources */ = {isa = PBXBuildFile; fileRef = CF0172522A732ABB000359EE /* Profile.swift */; };
		CF0172562A732ABB000359EE /* UserManager.swift in Sources */ = {isa = PBXBuildFile; fileRef = CF0172532A732ABB000359EE /* UserManager.swift */; };
		CF0172572A732ABB000359EE /* Settings.swift in Sources */ = {isa = PBXBuildFile; fileRef = CF0172542A732ABB000359EE /* Settings.swift */; };
		CF01725A2A732C81000359EE /* WelcomeBackgroundImage.swift in Sources */ = {isa = PBXBuildFile; fileRef = CF0172592A732C81000359EE /* WelcomeBackgroundImage.swift */; };
		CF01725C2A732DC2000359EE /* LogoImage.swift in Sources */ = {isa = PBXBuildFile; fileRef = CF01725B2A732DC2000359EE /* LogoImage.swift */; };
		CF01725E2A732E29000359EE /* WelcomeMessageView.swift in Sources */ = {isa = PBXBuildFile; fileRef = CF01725D2A732E29000359EE /* WelcomeMessageView.swift */; };
		CF0172602A7332C7000359EE /* RegisterView.swift in Sources */ = {isa = PBXBuildFile; fileRef = CF01725F2A7332C7000359EE /* RegisterView.swift */; };
		CF0172622A73529D000359EE /* BorderedViewModifier.swift in Sources */ = {isa = PBXBuildFile; fileRef = CF0172612A73529D000359EE /* BorderedViewModifier.swift */; };
		CF0888442A72CE1B0053704A /* HorizontallyAlignedLabelStyle.swift in Sources */ = {isa = PBXBuildFile; fileRef = CF0888432A72CE1B0053704A /* HorizontallyAlignedLabelStyle.swift */; };
		CF8FFB932A795A580009370C /* LearningInputs.swift in Sources */ = {isa = PBXBuildFile; fileRef = CF8FFB922A795A580009370C /* LearningInputs.swift */; };
		CF8FFB9C2A7963290009370C /* CongratulationsView.swift in Sources */ = {isa = PBXBuildFile; fileRef = CF8FFB952A7963290009370C /* CongratulationsView.swift */; };
		CF8FFB9D2A7963290009370C /* PracticeView.swift in Sources */ = {isa = PBXBuildFile; fileRef = CF8FFB962A7963290009370C /* PracticeView.swift */; };
		CF8FFB9E2A7963290009370C /* ChoicesRow.swift in Sources */ = {isa = PBXBuildFile; fileRef = CF8FFB972A7963290009370C /* ChoicesRow.swift */; };
		CF8FFB9F2A7963290009370C /* QuestionView.swift in Sources */ = {isa = PBXBuildFile; fileRef = CF8FFB982A7963290009370C /* QuestionView.swift */; };
		CF8FFBA02A7963290009370C /* ChallengesViewModel.swift in Sources */ = {isa = PBXBuildFile; fileRef = CF8FFB992A7963290009370C /* ChallengesViewModel.swift */; };
		CF8FFBA12A7963290009370C /* ChoicesView.swift in Sources */ = {isa = PBXBuildFile; fileRef = CF8FFB9A2A7963290009370C /* ChoicesView.swift */; };
		CF8FFBA22A7963290009370C /* ChallengeView.swift in Sources */ = {isa = PBXBuildFile; fileRef = CF8FFB9B2A7963290009370C /* ChallengeView.swift */; };
		CF8FFBA42A79A1630009370C /* StarterView.swift in Sources */ = {isa = PBXBuildFile; fileRef = CF8FFBA32A79A1630009370C /* StarterView.swift */; };
		CF8FFBA62A7AA90D0009370C /* HistoryView.swift in Sources */ = {isa = PBXBuildFile; fileRef = CF8FFBA52A7AA90D0009370C /* HistoryView.swift */; };
		CF8FFBA82A7AD37B0009370C /* ScoreView.swift in Sources */ = {isa = PBXBuildFile; fileRef = CF8FFBA72A7AD37B0009370C /* ScoreView.swift */; };
		CFA054762A6B496600C68019 /* EducationApp.swift in Sources */ = {isa = PBXBuildFile; fileRef = CFA054752A6B496600C68019 /* EducationApp.swift */; };
		CFA054782A6B496600C68019 /* ContentView.swift in Sources */ = {isa = PBXBuildFile; fileRef = CFA054772A6B496600C68019 /* ContentView.swift */; };
		CFA0547A2A6B496700C68019 /* Assets.xcassets in Resources */ = {isa = PBXBuildFile; fileRef = CFA054792A6B496700C68019 /* Assets.xcassets */; };
		CFA0547D2A6B496700C68019 /* Preview Assets.xcassets in Resources */ = {isa = PBXBuildFile; fileRef = CFA0547C2A6B496700C68019 /* Preview Assets.xcassets */; };
		CFF882762A7078ED0035401A /* SettingsView.swift in Sources */ = {isa = PBXBuildFile; fileRef = CFF882752A7078ED0035401A /* SettingsView.swift */; };
		CFF8827A2A7163B40035401A /* LocalNotifications.swift in Sources */ = {isa = PBXBuildFile; fileRef = CFF882772A7163B40035401A /* LocalNotifications.swift */; };
		CFF8827B2A7163B40035401A /* Color+Extension.swift in Sources */ = {isa = PBXBuildFile; fileRef = CFF882782A7163B40035401A /* Color+Extension.swift */; };
		CFF8827C2A7163B40035401A /* Appearance.swift in Sources */ = {isa = PBXBuildFile; fileRef = CFF882792A7163B40035401A /* Appearance.swift */; };
		CFF8827E2A7189A40035401A /* HomeView.swift in Sources */ = {isa = PBXBuildFile; fileRef = CFF8827D2A7189A40035401A /* HomeView.swift */; };
		CFF882802A71DA590035401A /* WelcomeView.swift in Sources */ = {isa = PBXBuildFile; fileRef = CFF8827F2A71DA590035401A /* WelcomeView.swift */; };
/* End PBXBuildFile section */

/* Begin PBXFileReference section */
		CF0172522A732ABB000359EE /* Profile.swift */ = {isa = PBXFileReference; fileEncoding = 4; lastKnownFileType = sourcecode.swift; path = Profile.swift; sourceTree = "<group>"; };
		CF0172532A732ABB000359EE /* UserManager.swift */ = {isa = PBXFileReference; fileEncoding = 4; lastKnownFileType = sourcecode.swift; path = UserManager.swift; sourceTree = "<group>"; };
		CF0172542A732ABB000359EE /* Settings.swift */ = {isa = PBXFileReference; fileEncoding = 4; lastKnownFileType = sourcecode.swift; path = Settings.swift; sourceTree = "<group>"; };
		CF0172592A732C81000359EE /* WelcomeBackgroundImage.swift */ = {isa = PBXFileReference; lastKnownFileType = sourcecode.swift; path = WelcomeBackgroundImage.swift; sourceTree = "<group>"; };
		CF01725B2A732DC2000359EE /* LogoImage.swift */ = {isa = PBXFileReference; lastKnownFileType = sourcecode.swift; path = LogoImage.swift; sourceTree = "<group>"; };
		CF01725D2A732E29000359EE /* WelcomeMessageView.swift */ = {isa = PBXFileReference; lastKnownFileType = sourcecode.swift; path = WelcomeMessageView.swift; sourceTree = "<group>"; };
		CF01725F2A7332C7000359EE /* RegisterView.swift */ = {isa = PBXFileReference; lastKnownFileType = sourcecode.swift; path = RegisterView.swift; sourceTree = "<group>"; };
		CF0172612A73529D000359EE /* BorderedViewModifier.swift */ = {isa = PBXFileReference; lastKnownFileType = sourcecode.swift; path = BorderedViewModifier.swift; sourceTree = "<group>"; };
		CF0888432A72CE1B0053704A /* HorizontallyAlignedLabelStyle.swift */ = {isa = PBXFileReference; lastKnownFileType = sourcecode.swift; path = HorizontallyAlignedLabelStyle.swift; sourceTree = "<group>"; };
		CF8FFB922A795A580009370C /* LearningInputs.swift */ = {isa = PBXFileReference; lastKnownFileType = sourcecode.swift; path = LearningInputs.swift; sourceTree = "<group>"; };
		CF8FFB952A7963290009370C /* CongratulationsView.swift */ = {isa = PBXFileReference; fileEncoding = 4; lastKnownFileType = sourcecode.swift; path = CongratulationsView.swift; sourceTree = "<group>"; };
		CF8FFB962A7963290009370C /* PracticeView.swift */ = {isa = PBXFileReference; fileEncoding = 4; lastKnownFileType = sourcecode.swift; path = PracticeView.swift; sourceTree = "<group>"; };
		CF8FFB972A7963290009370C /* ChoicesRow.swift */ = {isa = PBXFileReference; fileEncoding = 4; lastKnownFileType = sourcecode.swift; path = ChoicesRow.swift; sourceTree = "<group>"; };
		CF8FFB982A7963290009370C /* QuestionView.swift */ = {isa = PBXFileReference; fileEncoding = 4; lastKnownFileType = sourcecode.swift; path = QuestionView.swift; sourceTree = "<group>"; };
		CF8FFB992A7963290009370C /* ChallengesViewModel.swift */ = {isa = PBXFileReference; fileEncoding = 4; lastKnownFileType = sourcecode.swift; path = ChallengesViewModel.swift; sourceTree = "<group>"; };
		CF8FFB9A2A7963290009370C /* ChoicesView.swift */ = {isa = PBXFileReference; fileEncoding = 4; lastKnownFileType = sourcecode.swift; path = ChoicesView.swift; sourceTree = "<group>"; };
		CF8FFB9B2A7963290009370C /* ChallengeView.swift */ = {isa = PBXFileReference; fileEncoding = 4; lastKnownFileType = sourcecode.swift; path = ChallengeView.swift; sourceTree = "<group>"; };
		CF8FFBA32A79A1630009370C /* StarterView.swift */ = {isa = PBXFileReference; fileEncoding = 4; lastKnownFileType = sourcecode.swift; path = StarterView.swift; sourceTree = "<group>"; };
		CF8FFBA52A7AA90D0009370C /* HistoryView.swift */ = {isa = PBXFileReference; fileEncoding = 4; lastKnownFileType = sourcecode.swift; path = HistoryView.swift; sourceTree = "<group>"; };
		CF8FFBA72A7AD37B0009370C /* ScoreView.swift */ = {isa = PBXFileReference; lastKnownFileType = sourcecode.swift; path = ScoreView.swift; sourceTree = "<group>"; };
		CFA054722A6B496600C68019 /* Education.app */ = {isa = PBXFileReference; explicitFileType = wrapper.application; includeInIndex = 0; path = Education.app; sourceTree = BUILT_PRODUCTS_DIR; };
		CFA054752A6B496600C68019 /* EducationApp.swift */ = {isa = PBXFileReference; lastKnownFileType = sourcecode.swift; path = EducationApp.swift; sourceTree = "<group>"; };
		CFA054772A6B496600C68019 /* ContentView.swift */ = {isa = PBXFileReference; lastKnownFileType = sourcecode.swift; path = ContentView.swift; sourceTree = "<group>"; };
		CFA054792A6B496700C68019 /* Assets.xcassets */ = {isa = PBXFileReference; lastKnownFileType = folder.assetcatalog; path = Assets.xcassets; sourceTree = "<group>"; };
		CFA0547C2A6B496700C68019 /* Preview Assets.xcassets */ = {isa = PBXFileReference; lastKnownFileType = folder.assetcatalog; path = "Preview Assets.xcassets"; sourceTree = "<group>"; };
		CFF882752A7078ED0035401A /* SettingsView.swift */ = {isa = PBXFileReference; lastKnownFileType = sourcecode.swift; path = SettingsView.swift; sourceTree = "<group>"; };
		CFF882772A7163B40035401A /* LocalNotifications.swift */ = {isa = PBXFileReference; fileEncoding = 4; lastKnownFileType = sourcecode.swift; path = LocalNotifications.swift; sourceTree = "<group>"; };
		CFF882782A7163B40035401A /* Color+Extension.swift */ = {isa = PBXFileReference; fileEncoding = 4; lastKnownFileType = sourcecode.swift; path = "Color+Extension.swift"; sourceTree = "<group>"; };
		CFF882792A7163B40035401A /* Appearance.swift */ = {isa = PBXFileReference; fileEncoding = 4; lastKnownFileType = sourcecode.swift; path = Appearance.swift; sourceTree = "<group>"; };
		CFF8827D2A7189A40035401A /* HomeView.swift */ = {isa = PBXFileReference; lastKnownFileType = sourcecode.swift; path = HomeView.swift; sourceTree = "<group>"; };
		CFF8827F2A71DA590035401A /* WelcomeView.swift */ = {isa = PBXFileReference; lastKnownFileType = sourcecode.swift; path = WelcomeView.swift; sourceTree = "<group>"; };
/* End PBXFileReference section */

/* Begin PBXFrameworksBuildPhase section */
		CFA0546F2A6B496600C68019 /* Frameworks */ = {
			isa = PBXFrameworksBuildPhase;
			buildActionMask = 2147483647;
			files = (
			);
			runOnlyForDeploymentPostprocessing = 0;
		};
/* End PBXFrameworksBuildPhase section */

/* Begin PBXGroup section */
		CF0172512A732A26000359EE /* Profile */ = {
			isa = PBXGroup;
			children = (
				CF0172522A732ABB000359EE /* Profile.swift */,
				CF0172542A732ABB000359EE /* Settings.swift */,
				CF0172532A732ABB000359EE /* UserManager.swift */,
			);
			path = Profile;
			sourceTree = "<group>";
		};
		CF0172582A732C34000359EE /* Components */ = {
			isa = PBXGroup;
			children = (
				CF0172592A732C81000359EE /* WelcomeBackgroundImage.swift */,
				CF01725B2A732DC2000359EE /* LogoImage.swift */,
				CF01725D2A732E29000359EE /* WelcomeMessageView.swift */,
				CF0172612A73529D000359EE /* BorderedViewModifier.swift */,
			);
			path = Components;
			sourceTree = "<group>";
		};
		CF0888422A72CE050053704A /* Welcome */ = {
			isa = PBXGroup;
			children = (
				CF0172582A732C34000359EE /* Components */,
				CFF8827F2A71DA590035401A /* WelcomeView.swift */,
				CF0888432A72CE1B0053704A /* HorizontallyAlignedLabelStyle.swift */,
				CF01725F2A7332C7000359EE /* RegisterView.swift */,
			);
			path = Welcome;
			sourceTree = "<group>";
		};
		CF8FFB942A79630C0009370C /* Practice */ = {
			isa = PBXGroup;
			children = (
				CF8FFB992A7963290009370C /* ChallengesViewModel.swift */,
				CF8FFB9B2A7963290009370C /* ChallengeView.swift */,
				CF8FFB972A7963290009370C /* ChoicesRow.swift */,
				CF8FFB9A2A7963290009370C /* ChoicesView.swift */,
				CF8FFB952A7963290009370C /* CongratulationsView.swift */,
				CF8FFB962A7963290009370C /* PracticeView.swift */,
				CF8FFB982A7963290009370C /* QuestionView.swift */,
				CF8FFBA72A7AD37B0009370C /* ScoreView.swift */,
			);
			path = Practice;
			sourceTree = "<group>";
		};
		CFA054692A6B496600C68019 = {
			isa = PBXGroup;
			children = (
				CFA054742A6B496600C68019 /* Education */,
				CFA054732A6B496600C68019 /* Products */,
			);
			sourceTree = "<group>";
		};
		CFA054732A6B496600C68019 /* Products */ = {
			isa = PBXGroup;
			children = (
				CFA054722A6B496600C68019 /* Education.app */,
			);
			name = Products;
			sourceTree = "<group>";
		};
		CFA054742A6B496600C68019 /* Education */ = {
			isa = PBXGroup;
			children = (
				CF8FFB942A79630C0009370C /* Practice */,
				CF0172512A732A26000359EE /* Profile */,
				CF0888422A72CE050053704A /* Welcome */,
				CFA054752A6B496600C68019 /* EducationApp.swift */,
				CFA054772A6B496600C68019 /* ContentView.swift */,
				CFA054792A6B496700C68019 /* Assets.xcassets */,
				CFA0547B2A6B496700C68019 /* Preview Content */,
				CFF882752A7078ED0035401A /* SettingsView.swift */,
				CFF882792A7163B40035401A /* Appearance.swift */,
				CFF882782A7163B40035401A /* Color+Extension.swift */,
				CFF882772A7163B40035401A /* LocalNotifications.swift */,
				CFF8827D2A7189A40035401A /* HomeView.swift */,
				CF8FFB922A795A580009370C /* LearningInputs.swift */,
				CF8FFBA32A79A1630009370C /* StarterView.swift */,
				CF8FFBA52A7AA90D0009370C /* HistoryView.swift */,
			);
			path = Education;
			sourceTree = "<group>";
		};
		CFA0547B2A6B496700C68019 /* Preview Content */ = {
			isa = PBXGroup;
			children = (
				CFA0547C2A6B496700C68019 /* Preview Assets.xcassets */,
			);
			path = "Preview Content";
			sourceTree = "<group>";
		};
/* End PBXGroup section */

/* Begin PBXNativeTarget section */
		CFA054712A6B496600C68019 /* Education */ = {
			isa = PBXNativeTarget;
			buildConfigurationList = CFA054802A6B496700C68019 /* Build configuration list for PBXNativeTarget "Education" */;
			buildPhases = (
				CFA0546E2A6B496600C68019 /* Sources */,
				CFA0546F2A6B496600C68019 /* Frameworks */,
				CFA054702A6B496600C68019 /* Resources */,
			);
			buildRules = (
			);
			dependencies = (
			);
			name = Education;
			productName = Education;
			productReference = CFA054722A6B496600C68019 /* Education.app */;
			productType = "com.apple.product-type.application";
		};
/* End PBXNativeTarget section */

/* Begin PBXProject section */
		CFA0546A2A6B496600C68019 /* Project object */ = {
			isa = PBXProject;
			attributes = {
				BuildIndependentTargetsInParallel = 1;
				LastSwiftUpdateCheck = 1430;
				LastUpgradeCheck = 1430;
				TargetAttributes = {
					CFA054712A6B496600C68019 = {
						CreatedOnToolsVersion = 14.3.1;
					};
				};
			};
			buildConfigurationList = CFA0546D2A6B496600C68019 /* Build configuration list for PBXProject "Education" */;
			compatibilityVersion = "Xcode 14.0";
			developmentRegion = en;
			hasScannedForEncodings = 0;
			knownRegions = (
				en,
				Base,
			);
			mainGroup = CFA054692A6B496600C68019;
			productRefGroup = CFA054732A6B496600C68019 /* Products */;
			projectDirPath = "";
			projectRoot = "";
			targets = (
				CFA054712A6B496600C68019 /* Education */,
			);
		};
/* End PBXProject section */

/* Begin PBXResourcesBuildPhase section */
		CFA054702A6B496600C68019 /* Resources */ = {
			isa = PBXResourcesBuildPhase;
			buildActionMask = 2147483647;
			files = (
				CFA0547D2A6B496700C68019 /* Preview Assets.xcassets in Resources */,
				CFA0547A2A6B496700C68019 /* Assets.xcassets in Resources */,
			);
			runOnlyForDeploymentPostprocessing = 0;
		};
/* End PBXResourcesBuildPhase section */

/* Begin PBXSourcesBuildPhase section */
		CFA0546E2A6B496600C68019 /* Sources */ = {
			isa = PBXSourcesBuildPhase;
			buildActionMask = 2147483647;
			files = (
				CFF8827A2A7163B40035401A /* LocalNotifications.swift in Sources */,
				CF01725A2A732C81000359EE /* WelcomeBackgroundImage.swift in Sources */,
				CF8FFBA42A79A1630009370C /* StarterView.swift in Sources */,
				CF01725C2A732DC2000359EE /* LogoImage.swift in Sources */,
				CF8FFBA22A7963290009370C /* ChallengeView.swift in Sources */,
				CF0172552A732ABB000359EE /* Profile.swift in Sources */,
				CF0172622A73529D000359EE /* BorderedViewModifier.swift in Sources */,
				CF8FFBA62A7AA90D0009370C /* HistoryView.swift in Sources */,
				CFF8827E2A7189A40035401A /* HomeView.swift in Sources */,
				CFF8827C2A7163B40035401A /* Appearance.swift in Sources */,
				CFF882802A71DA590035401A /* WelcomeView.swift in Sources */,
				CF8FFB9E2A7963290009370C /* ChoicesRow.swift in Sources */,
				CFF8827B2A7163B40035401A /* Color+Extension.swift in Sources */,
				CF8FFBA02A7963290009370C /* ChallengesViewModel.swift in Sources */,
				CF0172572A732ABB000359EE /* Settings.swift in Sources */,
				CF0888442A72CE1B0053704A /* HorizontallyAlignedLabelStyle.swift in Sources */,
				CF8FFBA12A7963290009370C /* ChoicesView.swift in Sources */,
				CF8FFB9D2A7963290009370C /* PracticeView.swift in Sources */,
				CFF882762A7078ED0035401A /* SettingsView.swift in Sources */,
				CFA054782A6B496600C68019 /* ContentView.swift in Sources */,
				CF8FFB932A795A580009370C /* LearningInputs.swift in Sources */,
				CF0172562A732ABB000359EE /* UserManager.swift in Sources */,
				CF0172602A7332C7000359EE /* RegisterView.swift in Sources */,
				CF8FFB9F2A7963290009370C /* QuestionView.swift in Sources */,
				CF01725E2A732E29000359EE /* WelcomeMessageView.swift in Sources */,
				CF8FFBA82A7AD37B0009370C /* ScoreView.swift in Sources */,
				CFA054762A6B496600C68019 /* EducationApp.swift in Sources */,
				CF8FFB9C2A7963290009370C /* CongratulationsView.swift in Sources */,
			);
			runOnlyForDeploymentPostprocessing = 0;
		};
/* End PBXSourcesBuildPhase section */

/* Begin XCBuildConfiguration section */
		CFA0547E2A6B496700C68019 /* Debug */ = {
			isa = XCBuildConfiguration;
			buildSettings = {
				ALWAYS_SEARCH_USER_PATHS = NO;
				CLANG_ANALYZER_NONNULL = YES;
				CLANG_ANALYZER_NUMBER_OBJECT_CONVERSION = YES_AGGRESSIVE;
				CLANG_CXX_LANGUAGE_STANDARD = "gnu++20";
				CLANG_ENABLE_MODULES = YES;
				CLANG_ENABLE_OBJC_ARC = YES;
				CLANG_ENABLE_OBJC_WEAK = YES;
				CLANG_WARN_BLOCK_CAPTURE_AUTORELEASING = YES;
				CLANG_WARN_BOOL_CONVERSION = YES;
				CLANG_WARN_COMMA = YES;
				CLANG_WARN_CONSTANT_CONVERSION = YES;
				CLANG_WARN_DEPRECATED_OBJC_IMPLEMENTATIONS = YES;
				CLANG_WARN_DIRECT_OBJC_ISA_USAGE = YES_ERROR;
				CLANG_WARN_DOCUMENTATION_COMMENTS = YES;
				CLANG_WARN_EMPTY_BODY = YES;
				CLANG_WARN_ENUM_CONVERSION = YES;
				CLANG_WARN_INFINITE_RECURSION = YES;
				CLANG_WARN_INT_CONVERSION = YES;
				CLANG_WARN_NON_LITERAL_NULL_CONVERSION = YES;
				CLANG_WARN_OBJC_IMPLICIT_RETAIN_SELF = YES;
				CLANG_WARN_OBJC_LITERAL_CONVERSION = YES;
				CLANG_WARN_OBJC_ROOT_CLASS = YES_ERROR;
				CLANG_WARN_QUOTED_INCLUDE_IN_FRAMEWORK_HEADER = YES;
				CLANG_WARN_RANGE_LOOP_ANALYSIS = YES;
				CLANG_WARN_STRICT_PROTOTYPES = YES;
				CLANG_WARN_SUSPICIOUS_MOVE = YES;
				CLANG_WARN_UNGUARDED_AVAILABILITY = YES_AGGRESSIVE;
				CLANG_WARN_UNREACHABLE_CODE = YES;
				CLANG_WARN__DUPLICATE_METHOD_MATCH = YES;
				COPY_PHASE_STRIP = NO;
				DEBUG_INFORMATION_FORMAT = dwarf;
				ENABLE_STRICT_OBJC_MSGSEND = YES;
				ENABLE_TESTABILITY = YES;
				GCC_C_LANGUAGE_STANDARD = gnu11;
				GCC_DYNAMIC_NO_PIC = NO;
				GCC_NO_COMMON_BLOCKS = YES;
				GCC_OPTIMIZATION_LEVEL = 0;
				GCC_PREPROCESSOR_DEFINITIONS = (
					"DEBUG=1",
					"$(inherited)",
				);
				GCC_WARN_64_TO_32_BIT_CONVERSION = YES;
				GCC_WARN_ABOUT_RETURN_TYPE = YES_ERROR;
				GCC_WARN_UNDECLARED_SELECTOR = YES;
				GCC_WARN_UNINITIALIZED_AUTOS = YES_AGGRESSIVE;
				GCC_WARN_UNUSED_FUNCTION = YES;
				GCC_WARN_UNUSED_VARIABLE = YES;
				IPHONEOS_DEPLOYMENT_TARGET = 16.4;
				MTL_ENABLE_DEBUG_INFO = INCLUDE_SOURCE;
				MTL_FAST_MATH = YES;
				ONLY_ACTIVE_ARCH = YES;
				SDKROOT = iphoneos;
				SWIFT_ACTIVE_COMPILATION_CONDITIONS = DEBUG;
				SWIFT_OPTIMIZATION_LEVEL = "-Onone";
			};
			name = Debug;
		};
		CFA0547F2A6B496700C68019 /* Release */ = {
			isa = XCBuildConfiguration;
			buildSettings = {
				ALWAYS_SEARCH_USER_PATHS = NO;
				CLANG_ANALYZER_NONNULL = YES;
				CLANG_ANALYZER_NUMBER_OBJECT_CONVERSION = YES_AGGRESSIVE;
				CLANG_CXX_LANGUAGE_STANDARD = "gnu++20";
				CLANG_ENABLE_MODULES = YES;
				CLANG_ENABLE_OBJC_ARC = YES;
				CLANG_ENABLE_OBJC_WEAK = YES;
				CLANG_WARN_BLOCK_CAPTURE_AUTORELEASING = YES;
				CLANG_WARN_BOOL_CONVERSION = YES;
				CLANG_WARN_COMMA = YES;
				CLANG_WARN_CONSTANT_CONVERSION = YES;
				CLANG_WARN_DEPRECATED_OBJC_IMPLEMENTATIONS = YES;
				CLANG_WARN_DIRECT_OBJC_ISA_USAGE = YES_ERROR;
				CLANG_WARN_DOCUMENTATION_COMMENTS = YES;
				CLANG_WARN_EMPTY_BODY = YES;
				CLANG_WARN_ENUM_CONVERSION = YES;
				CLANG_WARN_INFINITE_RECURSION = YES;
				CLANG_WARN_INT_CONVERSION = YES;
				CLANG_WARN_NON_LITERAL_NULL_CONVERSION = YES;
				CLANG_WARN_OBJC_IMPLICIT_RETAIN_SELF = YES;
				CLANG_WARN_OBJC_LITERAL_CONVERSION = YES;
				CLANG_WARN_OBJC_ROOT_CLASS = YES_ERROR;
				CLANG_WARN_QUOTED_INCLUDE_IN_FRAMEWORK_HEADER = YES;
				CLANG_WARN_RANGE_LOOP_ANALYSIS = YES;
				CLANG_WARN_STRICT_PROTOTYPES = YES;
				CLANG_WARN_SUSPICIOUS_MOVE = YES;
				CLANG_WARN_UNGUARDED_AVAILABILITY = YES_AGGRESSIVE;
				CLANG_WARN_UNREACHABLE_CODE = YES;
				CLANG_WARN__DUPLICATE_METHOD_MATCH = YES;
				COPY_PHASE_STRIP = NO;
				DEBUG_INFORMATION_FORMAT = "dwarf-with-dsym";
				ENABLE_NS_ASSERTIONS = NO;
				ENABLE_STRICT_OBJC_MSGSEND = YES;
				GCC_C_LANGUAGE_STANDARD = gnu11;
				GCC_NO_COMMON_BLOCKS = YES;
				GCC_WARN_64_TO_32_BIT_CONVERSION = YES;
				GCC_WARN_ABOUT_RETURN_TYPE = YES_ERROR;
				GCC_WARN_UNDECLARED_SELECTOR = YES;
				GCC_WARN_UNINITIALIZED_AUTOS = YES_AGGRESSIVE;
				GCC_WARN_UNUSED_FUNCTION = YES;
				GCC_WARN_UNUSED_VARIABLE = YES;
				IPHONEOS_DEPLOYMENT_TARGET = 16.4;
				MTL_ENABLE_DEBUG_INFO = NO;
				MTL_FAST_MATH = YES;
				SDKROOT = iphoneos;
				SWIFT_COMPILATION_MODE = wholemodule;
				SWIFT_OPTIMIZATION_LEVEL = "-O";
				VALIDATE_PRODUCT = YES;
			};
			name = Release;
		};
		CFA054812A6B496700C68019 /* Debug */ = {
			isa = XCBuildConfiguration;
			buildSettings = {
				ASSETCATALOG_COMPILER_APPICON_NAME = AppIcon;
				ASSETCATALOG_COMPILER_GLOBAL_ACCENT_COLOR_NAME = AccentColor;
				CODE_SIGN_STYLE = Automatic;
				CURRENT_PROJECT_VERSION = 1;
				DEVELOPMENT_ASSET_PATHS = "\"Education/Preview Content\"";
				DEVELOPMENT_TEAM = ZV39C2HC4G;
				ENABLE_PREVIEWS = YES;
				GENERATE_INFOPLIST_FILE = YES;
				INFOPLIST_KEY_UIApplicationSceneManifest_Generation = YES;
				INFOPLIST_KEY_UIApplicationSupportsIndirectInputEvents = YES;
				INFOPLIST_KEY_UILaunchScreen_Generation = YES;
				INFOPLIST_KEY_UISupportedInterfaceOrientations_iPad = "UIInterfaceOrientationPortrait UIInterfaceOrientationPortraitUpsideDown UIInterfaceOrientationLandscapeLeft UIInterfaceOrientationLandscapeRight";
				INFOPLIST_KEY_UISupportedInterfaceOrientations_iPhone = "UIInterfaceOrientationPortrait UIInterfaceOrientationLandscapeLeft UIInterfaceOrientationLandscapeRight";
				LD_RUNPATH_SEARCH_PATHS = (
					"$(inherited)",
					"@executable_path/Frameworks",
				);
				MARKETING_VERSION = 1.0;
				PRODUCT_BUNDLE_IDENTIFIER = "github.com-sdguille.Education";
				PRODUCT_NAME = "$(TARGET_NAME)";
				SWIFT_EMIT_LOC_STRINGS = YES;
				SWIFT_VERSION = 5.0;
				TARGETED_DEVICE_FAMILY = "1,2";
			};
			name = Debug;
		};
		CFA054822A6B496700C68019 /* Release */ = {
			isa = XCBuildConfiguration;
			buildSettings = {
				ASSETCATALOG_COMPILER_APPICON_NAME = AppIcon;
				ASSETCATALOG_COMPILER_GLOBAL_ACCENT_COLOR_NAME = AccentColor;
				CODE_SIGN_STYLE = Automatic;
				CURRENT_PROJECT_VERSION = 1;
				DEVELOPMENT_ASSET_PATHS = "\"Education/Preview Content\"";
				DEVELOPMENT_TEAM = ZV39C2HC4G;
				ENABLE_PREVIEWS = YES;
				GENERATE_INFOPLIST_FILE = YES;
				INFOPLIST_KEY_UIApplicationSceneManifest_Generation = YES;
				INFOPLIST_KEY_UIApplicationSupportsIndirectInputEvents = YES;
				INFOPLIST_KEY_UILaunchScreen_Generation = YES;
				INFOPLIST_KEY_UISupportedInterfaceOrientations_iPad = "UIInterfaceOrientationPortrait UIInterfaceOrientationPortraitUpsideDown UIInterfaceOrientationLandscapeLeft UIInterfaceOrientationLandscapeRight";
				INFOPLIST_KEY_UISupportedInterfaceOrientations_iPhone = "UIInterfaceOrientationPortrait UIInterfaceOrientationLandscapeLeft UIInterfaceOrientationLandscapeRight";
				LD_RUNPATH_SEARCH_PATHS = (
					"$(inherited)",
					"@executable_path/Frameworks",
				);
				MARKETING_VERSION = 1.0;
				PRODUCT_BUNDLE_IDENTIFIER = "github.com-sdguille.Education";
				PRODUCT_NAME = "$(TARGET_NAME)";
				SWIFT_EMIT_LOC_STRINGS = YES;
				SWIFT_VERSION = 5.0;
				TARGETED_DEVICE_FAMILY = "1,2";
			};
			name = Release;
		};
/* End XCBuildConfiguration section */

/* Begin XCConfigurationList section */
		CFA0546D2A6B496600C68019 /* Build configuration list for PBXProject "Education" */ = {
			isa = XCConfigurationList;
			buildConfigurations = (
				CFA0547E2A6B496700C68019 /* Debug */,
				CFA0547F2A6B496700C68019 /* Release */,
			);
			defaultConfigurationIsVisible = 0;
			defaultConfigurationName = Release;
		};
		CFA054802A6B496700C68019 /* Build configuration list for PBXNativeTarget "Education" */ = {
			isa = XCConfigurationList;
			buildConfigurations = (
				CFA054812A6B496700C68019 /* Debug */,
				CFA054822A6B496700C68019 /* Release */,
			);
			defaultConfigurationIsVisible = 0;
			defaultConfigurationName = Release;
		};
/* End XCConfigurationList section */
	};
	rootObject = CFA0546A2A6B496600C68019 /* Project object */;
}
